
Microsoft Visual Studio Solution File, Format Version 12.00
# Visual Studio Version 17
VisualStudioVersion = 17.11.35303.130
MinimumVisualStudioVersion = 10.0.40219.1
Project("{FAE04EC0-301F-11D3-BF4B-00C04F79EFBC}") = "WFA24091301", "WFA24091301.csproj", "{92DE04B4-D1F3-4F27-9E9F-656C7847FADA}"
EndProject
Global
	GlobalSection(SolutionConfigurationPlatforms) = preSolution
		Debug|Any CPU = Debug|Any CPU
		Release|Any CPU = Release|Any CPU
	EndGlobalSection
	GlobalSection(ProjectConfigurationPlatforms) = postSolution
		{92DE04B4-D1F3-4F27-9E9F-656C7847FADA}.Debug|Any CPU.ActiveCfg = Debug|Any CPU
		{92DE04B4-D1F3-4F27-9E9F-656C7847FADA}.Debug|Any CPU.Build.0 = Debug|Any CPU
		{92DE04B4-D1F3-4F27-9E9F-656C7847FADA}.Release|Any CPU.ActiveCfg = Release|Any CPU
		{92DE04B4-D1F3-4F27-9E9F-656C7847FADA}.Release|Any CPU.Build.0 = Release|Any CPU
	EndGlobalSection
	GlobalSection(SolutionProperties) = preSolution
		HideSolutionNode = FALSE
	EndGlobalSection
	GlobalSection(ExtensibilityGlobals) = postSolution
		SolutionGuid = {3E015C29-F286-4549-A616-5E6EA8F04A6D}
	EndGlobalSection
EndGlobal
